
Microsoft Visual Studio Solution File, Format Version 12.00
# Visual Studio Version 17
VisualStudioVersion = 17.1.32228.430
MinimumVisualStudioVersion = 10.0.40219.1
Project("{FAE04EC0-301F-11D3-BF4B-00C04F79EFBC}") = "CreationModelPlugin", "CreationModelPlugin\CreationModelPlugin.csproj", "{E7C4D7DD-2966-4B91-8219-94B3D8EDEDAA}"
EndProject
Global
	GlobalSection(SolutionConfigurationPlatforms) = preSolution
		Debug|Any CPU = Debug|Any CPU
		Release|Any CPU = Release|Any CPU
	EndGlobalSection
	GlobalSection(ProjectConfigurationPlatforms) = postSolution
		{E7C4D7DD-2966-4B91-8219-94B3D8EDEDAA}.Debug|Any CPU.ActiveCfg = Debug|Any CPU
		{E7C4D7DD-2966-4B91-8219-94B3D8EDEDAA}.Debug|Any CPU.Build.0 = Debug|Any CPU
		{E7C4D7DD-2966-4B91-8219-94B3D8EDEDAA}.Release|Any CPU.ActiveCfg = Release|Any CPU
		{E7C4D7DD-2966-4B91-8219-94B3D8EDEDAA}.Release|Any CPU.Build.0 = Release|Any CPU
	EndGlobalSection
	GlobalSection(SolutionProperties) = preSolution
		HideSolutionNode = FALSE
	EndGlobalSection
	GlobalSection(ExtensibilityGlobals) = postSolution
		SolutionGuid = {2A020D48-216B-48BC-AFA0-A5C1DAE1B1FB}
	EndGlobalSection
EndGlobal
